Microsoft Visual Studio Solution File, Format Version 12.00
# Visual Studio Version 17
VisualStudioVersion = 17.8.34112.27
MinimumVisualStudioVersion = 16.0.0.0
Project("{2150E333-8FDC-42A3-9474-1A3956D46DE8}") = "Src", "Src", "{190D0149-A1A4-4AB7-B96F-1DF711B2E908}"
EndProject
Project("{2150E333-8FDC-42A3-9474-1A3956D46DE8}") = "Tst", "Tst", "{E4D8212E-B19C-4307-A944-EA1B62435A5E}"
EndProject
Project("{2150E333-8FDC-42A3-9474-1A3956D46DE8}") = "Doc", "Doc", "{E984DD8E-7064-4D96-92F2-55002F95C7DE}"
EndProject
Project("{2150E333-8FDC-42A3-9474-1A3956D46DE8}") = "Lib", "Lib", "{796351E2-032A-4AD2-A4AC-D318B373C9A5}"
EndProject
Project("{9A19103F-16F7-4668-BE54-9A1E7A4F7556}") = "AnonimID.Server", "AnonimID.Server\AnonimID.Server.csproj", "{B013A14F-50CF-4656-ABA9-DD8A677F984C}"
EndProject
Project("{9A19103F-16F7-4668-BE54-9A1E7A4F7556}") = "AnonimID.Client", "AnonimID.Client\AnonimID.Client.csproj", "{E8348E16-91D3-4E04-817F-1A65BDBA6DEB}"
EndProject
Global
	GlobalSection(SolutionConfigurationPlatforms) = preSolution
		Debug|Any CPU = Debug|Any CPU
		Release|Any CPU = Release|Any CPU
	EndGlobalSection
	GlobalSection(ProjectConfigurationPlatforms) = postSolution
		{B013A14F-50CF-4656-ABA9-DD8A677F984C}.Debug|Any CPU.ActiveCfg = Debug|Any CPU
		{B013A14F-50CF-4656-ABA9-DD8A677F984C}.Debug|Any CPU.Build.0 = Debug|Any CPU
		{B013A14F-50CF-4656-ABA9-DD8A677F984C}.Release|Any CPU.ActiveCfg = Release|Any CPU
		{B013A14F-50CF-4656-ABA9-DD8A677F984C}.Release|Any CPU.Build.0 = Release|Any CPU
		{E8348E16-91D3-4E04-817F-1A65BDBA6DEB}.Debug|Any CPU.ActiveCfg = Debug|Any CPU
		{E8348E16-91D3-4E04-817F-1A65BDBA6DEB}.Debug|Any CPU.Build.0 = Debug|Any CPU
		{E8348E16-91D3-4E04-817F-1A65BDBA6DEB}.Release|Any CPU.ActiveCfg = Release|Any CPU
		{E8348E16-91D3-4E04-817F-1A65BDBA6DEB}.Release|Any CPU.Build.0 = Release|Any CPU
	EndGlobalSection
	GlobalSection(SolutionProperties) = preSolution
		HideSolutionNode = FALSE
	EndGlobalSection
	GlobalSection(NestedProjects) = preSolution
		{B013A14F-50CF-4656-ABA9-DD8A677F984C} = {190D0149-A1A4-4AB7-B96F-1DF711B2E908}
		{E8348E16-91D3-4E04-817F-1A65BDBA6DEB} = {190D0149-A1A4-4AB7-B96F-1DF711B2E908}
	EndGlobalSection
	GlobalSection(ExtensibilityGlobals) = postSolution
		SolutionGuid = {822484B1-F2D8-4411-9AEE-651DE43FE4E4}
	EndGlobalSection
EndGlobal
